
Microsoft Visual Studio Solution File, Format Version 12.00
# Visual Studio Version 16
VisualStudioVersion = 16.0.29230.47
MinimumVisualStudioVersion = 10.0.40219.1
Project("{9A19103F-16F7-4668-BE54-9A1E7A4F7556}") = "FamiFail.Nes.Motherboard", "src\FamiFail.Nes.Motherboard\FamiFail.Nes.Motherboard.csproj", "{8B624512-7D3C-4A3D-8261-AA1976735E84}"
EndProject
Project("{9A19103F-16F7-4668-BE54-9A1E7A4F7556}") = "FamiFail.Common.DataContracts", "src\FamiFail.Common.DataContracts\FamiFail.Common.DataContracts.csproj", "{02670F24-5428-435B-8FDD-09B9A9E8F90B}"
EndProject
Project("{9A19103F-16F7-4668-BE54-9A1E7A4F7556}") = "FamiFail.Cpu.M6502", "src\FamiFail.Cpu.M6502\FamiFail.Cpu.M6502.csproj", "{6050F2FB-7CC7-49F6-B3CE-55A184AE6A36}"
EndProject
Project("{2150E333-8FDC-42A3-9474-1A3956D46DE8}") = "Common", "Common", "{59D67240-35AD-47CE-9FF9-56C9DDAABD92}"
EndProject
Project("{2150E333-8FDC-42A3-9474-1A3956D46DE8}") = "CPU", "CPU", "{734193C4-E7C3-4AE4-B1D0-FEE8DAA383BA}"
EndProject
Project("{2150E333-8FDC-42A3-9474-1A3956D46DE8}") = "Tests", "Tests", "{0E148A33-344B-44C0-A204-A183D91165D1}"
EndProject
Project("{2150E333-8FDC-42A3-9474-1A3956D46DE8}") = "NES", "NES", "{30FD6CB8-F6DF-46F2-A969-8F9FB4BB591B}"
EndProject
Project("{9A19103F-16F7-4668-BE54-9A1E7A4F7556}") = "FamiFail.Nes.Ppu", "src\FamiFail.Nes.Ppu\FamiFail.Nes.Ppu.csproj", "{3006F032-BDD6-4FD8-BB30-7A0BDB7B76A7}"
EndProject
Project("{9A19103F-16F7-4668-BE54-9A1E7A4F7556}") = "FamiFail.Nes.DataContracts", "src\FamiFail.Nes.DataContracts\FamiFail.Nes.DataContracts.csproj", "{867A0CCD-1B55-4515-A017-BD6EC7FD2FE8}"
EndProject
Project("{9A19103F-16F7-4668-BE54-9A1E7A4F7556}") = "FamiFail.Common.Jellybean", "src\FamiFail.Common.Jellybean\FamiFail.Common.Jellybean.csproj", "{CAE4277B-E508-40B1-99C9-D54FC0B3A0C4}"
EndProject
Project("{FAE04EC0-301F-11D3-BF4B-00C04F79EFBC}") = "FamiFail.Nes.Mappers", "src\FamiFail.Nes.Mappers\FamiFail.Nes.Mappers.csproj", "{03956252-7AB0-4B1F-BA78-4ED07D7B3B7A}"
EndProject
Project("{2150E333-8FDC-42A3-9474-1A3956D46DE8}") = "Application", "Application", "{7E13112E-D671-4304-AEB2-6A4039BACF3B}"
EndProject
Project("{FAE04EC0-301F-11D3-BF4B-00C04F79EFBC}") = "CpuTests", "Tests\CpuTests\CpuTests.csproj", "{DC8B210E-532F-4C05-B6C5-BC64D6FEC2EB}"
EndProject
Project("{FAE04EC0-301F-11D3-BF4B-00C04F79EFBC}") = "CpuTest", "src\CpuTest\CpuTest.csproj", "{460FB287-D6DA-4CF1-BBCF-075373709E70}"
EndProject
Global
	GlobalSection(SolutionConfigurationPlatforms) = preSolution
		Debug|Any CPU = Debug|Any CPU
		Release|Any CPU = Release|Any CPU
	EndGlobalSection
	GlobalSection(ProjectConfigurationPlatforms) = postSolution
		{8B624512-7D3C-4A3D-8261-AA1976735E84}.Debug|Any CPU.ActiveCfg = Debug|Any CPU
		{8B624512-7D3C-4A3D-8261-AA1976735E84}.Debug|Any CPU.Build.0 = Debug|Any CPU
		{8B624512-7D3C-4A3D-8261-AA1976735E84}.Release|Any CPU.ActiveCfg = Release|Any CPU
		{8B624512-7D3C-4A3D-8261-AA1976735E84}.Release|Any CPU.Build.0 = Release|Any CPU
		{02670F24-5428-435B-8FDD-09B9A9E8F90B}.Debug|Any CPU.ActiveCfg = Debug|Any CPU
		{02670F24-5428-435B-8FDD-09B9A9E8F90B}.Debug|Any CPU.Build.0 = Debug|Any CPU
		{02670F24-5428-435B-8FDD-09B9A9E8F90B}.Release|Any CPU.ActiveCfg = Release|Any CPU
		{02670F24-5428-435B-8FDD-09B9A9E8F90B}.Release|Any CPU.Build.0 = Release|Any CPU
		{6050F2FB-7CC7-49F6-B3CE-55A184AE6A36}.Debug|Any CPU.ActiveCfg = Debug|Any CPU
		{6050F2FB-7CC7-49F6-B3CE-55A184AE6A36}.Debug|Any CPU.Build.0 = Debug|Any CPU
		{6050F2FB-7CC7-49F6-B3CE-55A184AE6A36}.Release|Any CPU.ActiveCfg = Release|Any CPU
		{6050F2FB-7CC7-49F6-B3CE-55A184AE6A36}.Release|Any CPU.Build.0 = Release|Any CPU
		{3006F032-BDD6-4FD8-BB30-7A0BDB7B76A7}.Debug|Any CPU.ActiveCfg = Debug|Any CPU
		{3006F032-BDD6-4FD8-BB30-7A0BDB7B76A7}.Debug|Any CPU.Build.0 = Debug|Any CPU
		{3006F032-BDD6-4FD8-BB30-7A0BDB7B76A7}.Release|Any CPU.ActiveCfg = Release|Any CPU
		{3006F032-BDD6-4FD8-BB30-7A0BDB7B76A7}.Release|Any CPU.Build.0 = Release|Any CPU
		{867A0CCD-1B55-4515-A017-BD6EC7FD2FE8}.Debug|Any CPU.ActiveCfg = Debug|Any CPU
		{867A0CCD-1B55-4515-A017-BD6EC7FD2FE8}.Debug|Any CPU.Build.0 = Debug|Any CPU
		{867A0CCD-1B55-4515-A017-BD6EC7FD2FE8}.Release|Any CPU.ActiveCfg = Release|Any CPU
		{867A0CCD-1B55-4515-A017-BD6EC7FD2FE8}.Release|Any CPU.Build.0 = Release|Any CPU
		{CAE4277B-E508-40B1-99C9-D54FC0B3A0C4}.Debug|Any CPU.ActiveCfg = Debug|Any CPU
		{CAE4277B-E508-40B1-99C9-D54FC0B3A0C4}.Debug|Any CPU.Build.0 = Debug|Any CPU
		{CAE4277B-E508-40B1-99C9-D54FC0B3A0C4}.Release|Any CPU.ActiveCfg = Release|Any CPU
		{CAE4277B-E508-40B1-99C9-D54FC0B3A0C4}.Release|Any CPU.Build.0 = Release|Any CPU
		{03956252-7AB0-4B1F-BA78-4ED07D7B3B7A}.Debug|Any CPU.ActiveCfg = Debug|Any CPU
		{03956252-7AB0-4B1F-BA78-4ED07D7B3B7A}.Debug|Any CPU.Build.0 = Debug|Any CPU
		{03956252-7AB0-4B1F-BA78-4ED07D7B3B7A}.Release|Any CPU.ActiveCfg = Release|Any CPU
		{03956252-7AB0-4B1F-BA78-4ED07D7B3B7A}.Release|Any CPU.Build.0 = Release|Any CPU
		{DC8B210E-532F-4C05-B6C5-BC64D6FEC2EB}.Debug|Any CPU.ActiveCfg = Debug|Any CPU
		{DC8B210E-532F-4C05-B6C5-BC64D6FEC2EB}.Debug|Any CPU.Build.0 = Debug|Any CPU
		{DC8B210E-532F-4C05-B6C5-BC64D6FEC2EB}.Release|Any CPU.ActiveCfg = Release|Any CPU
		{DC8B210E-532F-4C05-B6C5-BC64D6FEC2EB}.Release|Any CPU.Build.0 = Release|Any CPU
		{460FB287-D6DA-4CF1-BBCF-075373709E70}.Debug|Any CPU.ActiveCfg = Debug|Any CPU
		{460FB287-D6DA-4CF1-BBCF-075373709E70}.Debug|Any CPU.Build.0 = Debug|Any CPU
		{460FB287-D6DA-4CF1-BBCF-075373709E70}.Release|Any CPU.ActiveCfg = Release|Any CPU
		{460FB287-D6DA-4CF1-BBCF-075373709E70}.Release|Any CPU.Build.0 = Release|Any CPU
	EndGlobalSection
	GlobalSection(SolutionProperties) = preSolution
		HideSolutionNode = FALSE
	EndGlobalSection
	GlobalSection(NestedProjects) = preSolution
		{8B624512-7D3C-4A3D-8261-AA1976735E84} = {30FD6CB8-F6DF-46F2-A969-8F9FB4BB591B}
		{02670F24-5428-435B-8FDD-09B9A9E8F90B} = {59D67240-35AD-47CE-9FF9-56C9DDAABD92}
		{6050F2FB-7CC7-49F6-B3CE-55A184AE6A36} = {734193C4-E7C3-4AE4-B1D0-FEE8DAA383BA}
		{3006F032-BDD6-4FD8-BB30-7A0BDB7B76A7} = {30FD6CB8-F6DF-46F2-A969-8F9FB4BB591B}
		{867A0CCD-1B55-4515-A017-BD6EC7FD2FE8} = {30FD6CB8-F6DF-46F2-A969-8F9FB4BB591B}
		{CAE4277B-E508-40B1-99C9-D54FC0B3A0C4} = {59D67240-35AD-47CE-9FF9-56C9DDAABD92}
		{03956252-7AB0-4B1F-BA78-4ED07D7B3B7A} = {30FD6CB8-F6DF-46F2-A969-8F9FB4BB591B}
		{DC8B210E-532F-4C05-B6C5-BC64D6FEC2EB} = {0E148A33-344B-44C0-A204-A183D91165D1}
		{460FB287-D6DA-4CF1-BBCF-075373709E70} = {7E13112E-D671-4304-AEB2-6A4039BACF3B}
	EndGlobalSection
	GlobalSection(ExtensibilityGlobals) = postSolution
		SolutionGuid = {598A8FF6-6435-4A41-92AE-B092A2C67084}
	EndGlobalSection
EndGlobal
